
Microsoft Visual Studio Solution File, Format Version 12.00
# Visual Studio Version 16
VisualStudioVersion = 16.0.30621.155
MinimumVisualStudioVersion = 10.0.40219.1
Project("{2150E333-8FDC-42A3-9474-1A3956D46DE8}") = "src", "src", "{657C1200-354A-4CAA-A09C-5FD958CB93FE}"
EndProject
Project("{FAE04EC0-301F-11D3-BF4B-00C04F79EFBC}") = "Txm.Gateway.Host", "src\Txm.Gateway.Host\Txm.Gateway.Host.csproj", "{0236BA85-3E48-4600-83D0-4D92AE1C73ED}"
EndProject
Global
	GlobalSection(SolutionConfigurationPlatforms) = preSolution
		Debug|Any CPU = Debug|Any CPU
		Release|Any CPU = Release|Any CPU
	EndGlobalSection
	GlobalSection(ProjectConfigurationPlatforms) = postSolution
		{0236BA85-3E48-4600-83D0-4D92AE1C73ED}.Debug|Any CPU.ActiveCfg = Debug|Any CPU
		{0236BA85-3E48-4600-83D0-4D92AE1C73ED}.Debug|Any CPU.Build.0 = Debug|Any CPU
		{0236BA85-3E48-4600-83D0-4D92AE1C73ED}.Release|Any CPU.ActiveCfg = Release|Any CPU
		{0236BA85-3E48-4600-83D0-4D92AE1C73ED}.Release|Any CPU.Build.0 = Release|Any CPU
	EndGlobalSection
	GlobalSection(SolutionProperties) = preSolution
		HideSolutionNode = FALSE
	EndGlobalSection
	GlobalSection(NestedProjects) = preSolution
		{0236BA85-3E48-4600-83D0-4D92AE1C73ED} = {657C1200-354A-4CAA-A09C-5FD958CB93FE}
	EndGlobalSection
	GlobalSection(ExtensibilityGlobals) = postSolution
		SolutionGuid = {D0F38F07-171D-48DE-935F-23B6E63D0733}
	EndGlobalSection
EndGlobal
